
Microsoft Visual Studio Solution File, Format Version 12.00
# Visual Studio Version 17
VisualStudioVersion = 17.14.36109.1 d17.14
MinimumVisualStudioVersion = 10.0.40219.1
Project("{FAE04EC0-301F-11D3-BF4B-00C04F79EFBC}") = "MediaTek86", "MediaTek86\MediaTek86.csproj", "{6C54F045-3E5D-4694-A7E0-6FB57D76F34D}"
EndProject
Global
	GlobalSection(SolutionConfigurationPlatforms) = preSolution
		Debug|Any CPU = Debug|Any CPU
		Release|Any CPU = Release|Any CPU
	EndGlobalSection
	GlobalSection(ProjectConfigurationPlatforms) = postSolution
		{6C54F045-3E5D-4694-A7E0-6FB57D76F34D}.Debug|Any CPU.ActiveCfg = Debug|Any CPU
		{6C54F045-3E5D-4694-A7E0-6FB57D76F34D}.Debug|Any CPU.Build.0 = Debug|Any CPU
		{6C54F045-3E5D-4694-A7E0-6FB57D76F34D}.Release|Any CPU.ActiveCfg = Release|Any CPU
		{6C54F045-3E5D-4694-A7E0-6FB57D76F34D}.Release|Any CPU.Build.0 = Release|Any CPU
	EndGlobalSection
	GlobalSection(SolutionProperties) = preSolution
		HideSolutionNode = FALSE
	EndGlobalSection
	GlobalSection(ExtensibilityGlobals) = postSolution
		SolutionGuid = {227636A3-C55B-48AF-9BD0-2F657572FBD5}
	EndGlobalSection
EndGlobal
